PODS:
  - CocoaLumberjack/Default (3.2.0)
  - CocoaLumberjack/Swift (3.2.0):
    - CocoaLumberjack/Default
  - LoggerWrapper/CocoaLumberjack/PluggableApplicationDelegate (0.2):
    - LoggerWrapper/CocoaLumberjack/Swift
    - PluggableApplicationDelegate
  - LoggerWrapper/CocoaLumberjack/Swift (0.2):
    - CocoaLumberjack/Swift
    - LoggerWrapper/Swift
  - LoggerWrapper/ObjC (0.2)
  - LoggerWrapper/Swift (0.2):
    - LoggerWrapper/ObjC
  - PluggableApplicationDelegate (0.2.0)

DEPENDENCIES:
  - LoggerWrapper/CocoaLumberjack/PluggableApplicationDelegate (from `../`)
  - PluggableApplicationDelegate

EXTERNAL SOURCES:
  LoggerWrapper:
    :path: "../"

SPEC CHECKSUMS:
  CocoaLumberjack: 9b4aed7073d242f29cc2f62068d995faf67f703a
  LoggerWrapper: d5f7d27b1b02ee5f4e27b8556b8414dfefb8f8c3
  PluggableApplicationDelegate: 6b55523e4adb5b4f55c97a2d3f107990656caa4a

PODFILE CHECKSUM: e3395c36d8769bdcb403a05f5e517ac7236b24e9

COCOAPODS: 1.2.1
