PODS:
  - CocoaLumberjack/Default (3.2.0)
  - CocoaLumberjack/Swift (3.2.0):
    - CocoaLumberjack/Default
  - LoggerWrapper/CocoaLumberjack/PluggableApplicationDelegate (0.1.0):
    - LoggerWrapper/CocoaLumberjack/Swift
    - PluggableApplicationDelegate
  - LoggerWrapper/CocoaLumberjack/Swift (0.1.0):
    - CocoaLumberjack/Swift
    - LoggerWrapper/Swift
  - LoggerWrapper/ObjC (0.1.0)
  - LoggerWrapper/Swift (0.1.0):
    - LoggerWrapper/ObjC
  - PluggableApplicationDelegate (0.1.2)

DEPENDENCIES:
  - LoggerWrapper/CocoaLumberjack/PluggableApplicationDelegate (from `../`)
  - PluggableApplicationDelegate

EXTERNAL SOURCES:
  LoggerWrapper:
    :path: ../

SPEC CHECKSUMS:
  CocoaLumberjack: 9b4aed7073d242f29cc2f62068d995faf67f703a
  LoggerWrapper: 7afca0a4b41389ebc0dc3aecc29ee7081ed5443c
  PluggableApplicationDelegate: 4d988b3c08567b92b8ea83d08022ae16e63a925d

PODFILE CHECKSUM: e3395c36d8769bdcb403a05f5e517ac7236b24e9

COCOAPODS: 1.2.1
