PODS:
  - CocoaLumberjack (3.5.3):
    - CocoaLumberjack/Core (= 3.5.3)
  - CocoaLumberjack/Core (3.5.3)
  - CocoaLumberjack/Swift (3.5.3):
    - CocoaLumberjack/Core
  - LoggerWrapper/CocoaLumberjack (0.3):
    - LoggerWrapper/CocoaLumberjack/ApplicationDelegate (= 0.3)
    - LoggerWrapper/CocoaLumberjack/Core (= 0.3)
    - LoggerWrapper/CocoaLumberjack/Swift (= 0.3)
  - LoggerWrapper/CocoaLumberjack/ApplicationDelegate (0.3):
    - LoggerWrapper/CocoaLumberjack/Swift
  - LoggerWrapper/CocoaLumberjack/Core (0.3):
    - CocoaLumberjack
    - LoggerWrapper/ObjC
  - LoggerWrapper/CocoaLumberjack/Swift (0.3):
    - CocoaLumberjack/Swift
    - LoggerWrapper/Swift
  - LoggerWrapper/ObjC (0.3)
  - LoggerWrapper/Swift (0.3):
    - LoggerWrapper/ObjC

DEPENDENCIES:
  - LoggerWrapper/CocoaLumberjack (from `../`)

SPEC REPOS:
  https://github.com/cocoapods/specs.git:
    - CocoaLumberjack

EXTERNAL SOURCES:
  LoggerWrapper:
    :path: "../"

SPEC CHECKSUMS:
  CocoaLumberjack: 2f44e60eb91c176d471fdba43b9e3eae6a721947
  LoggerWrapper: b0be3df99f6ca21fae3c6d6bfc37d0ef808c9a9b

PODFILE CHECKSUM: 0f0c3f83fb56cc4b5c86b10ed40414916a112c7f

COCOAPODS: 1.6.1
